# THIS IS AN AUTOGENERATED FILE. DO NOT EDIT THIS FILE DIRECTLY.
# yarn lockfile v1


esbuild@^0.12.8:
  version "0.12.8"
  resolved "https://registry.yarnpkg.com/esbuild/-/esbuild-0.12.8.tgz#ac90da77cb3bfbf49ab815200bcef7ffe1a3348f"
  integrity sha512-sx/LwlP/SWTGsd9G4RlOPrXnIihAJ2xwBUmzoqe2nWwbXORMQWtAGNJNYLBJJqa3e9PWvVzxdrtyFZJcr7D87g==
